// !$*UTF8*$!
{
	archiveVersion = 1;
	classes = {
	};
	objectVersion = 51;
	objects = {

/* Begin PBXBuildFile section */
		000D2FAD3234D64AD4079895 /* ViewController.swift in Sources */ = {isa = PBXBuildFile; fileRef = 63BEFD1E96813A357FB42238 /* ViewController.swift */; };
		287C9929AE905C06B1F3A62D /* XcodeGenTestTests.swift in Sources */ = {isa = PBXBuildFile; fileRef = 6F7975D020384958E0F42862 /* XcodeGenTestTests.swift */; };
		2F5BACA5BA1EB674DD70AA9E /* LaunchScreen.storyboard in Resources */ = {isa = PBXBuildFile; fileRef = C2BC846B12318D66B057BEAA /* LaunchScreen.storyboard */; };
		83100FAA6A57CC803588466A /* Assets.xcassets in Resources */ = {isa = PBXBuildFile; fileRef = 2F06BE03AA7BBE8276F31CB3 /* Assets.xcassets */; };
		A15FCC1E749F525CA8D8D1E0 /* SceneDelegate.swift in Sources */ = {isa = PBXBuildFile; fileRef = E6E0FD77A735FA42C5D777C0 /* SceneDelegate.swift */; };
		B9A087170E6E7AB7575F0FD3 /* Main.storyboard in Resources */ = {isa = PBXBuildFile; fileRef = E056A7F0BE29564AFEC696E7 /* Main.storyboard */; };
		D58F5B73BEFD9A18914568D2 /* AppDelegate.swift in Sources */ = {isa = PBXBuildFile; fileRef = 7543824CF2BCC3981D306924 /* AppDelegate.swift */; };
		F8111DCF8C66062ED5AF3AE6 /* XcodeGenTestTests.swift in Sources */ = {isa = PBXBuildFile; fileRef = 6F7975D020384958E0F42862 /* XcodeGenTestTests.swift */; };
/* End PBXBuildFile section */

/* Begin PBXFileReference section */
		2F06BE03AA7BBE8276F31CB3 /* Assets.xcassets */ = {isa = PBXFileReference; lastKnownFileType = folder.assetcatalog; path = Assets.xcassets; sourceTree = "<group>"; };
		63BEFD1E96813A357FB42238 /* ViewController.swift */ = {isa = PBXFileReference; lastKnownFileType = sourcecode.swift; path = ViewController.swift; sourceTree = "<group>"; };
		6F0B19ED5633BA915363E362 /* Base */ = {isa = PBXFileReference; lastKnownFileType = file.storyboard; name = Base; path = Base.lproj/LaunchScreen.storyboard; sourceTree = "<group>"; };
		6F7975D020384958E0F42862 /* XcodeGenTestTests.swift */ = {isa = PBXFileReference; lastKnownFileType = sourcecode.swift; path = XcodeGenTestTests.swift; sourceTree = "<group>"; };
		7543824CF2BCC3981D306924 /* AppDelegate.swift */ = {isa = PBXFileReference; lastKnownFileType = sourcecode.swift; path = AppDelegate.swift; sourceTree = "<group>"; };
		92F0A76FF74937497743494A /* Info.plist */ = {isa = PBXFileReference; lastKnownFileType = text.plist; path = Info.plist; sourceTree = "<group>"; };
		A7AB30290C10DE794EEF831D /* Info.plist */ = {isa = PBXFileReference; lastKnownFileType = text.plist; path = Info.plist; sourceTree = "<group>"; };
		B53DAD9C2D9A04FC110497A0 /* XcodeGenTestUITests.xctest */ = {isa = PBXFileReference; includeInIndex = 0; lastKnownFileType = wrapper.cfbundle; path = XcodeGenTestUITests.xctest; sourceTree = BUILT_PRODUCTS_DIR; };
		D143219CF43E9F4BD999A2BD /* XcodeGenTest.app */ = {isa = PBXFileReference; includeInIndex = 0; lastKnownFileType = wrapper.application; path = XcodeGenTest.app; sourceTree = BUILT_PRODUCTS_DIR; };
		E6E0FD77A735FA42C5D777C0 /* SceneDelegate.swift */ = {isa = PBXFileReference; lastKnownFileType = sourcecode.swift; path = SceneDelegate.swift; sourceTree = "<group>"; };
		F0A96E53ACE21F6E96368A30 /* Base */ = {isa = PBXFileReference; lastKnownFileType = file.storyboard; name = Base; path = Base.lproj/Main.storyboard; sourceTree = "<group>"; };
		F2D54FCCF6226F293F1139F4 /* XcodeGenTestTests.xctest */ = {isa = PBXFileReference; includeInIndex = 0; lastKnownFileType = wrapper.cfbundle; path = XcodeGenTestTests.xctest; sourceTree = BUILT_PRODUCTS_DIR; };
/* End PBXFileReference section */

/* Begin PBXGroup section */
		1C5909045C30F27906811AA1 = {
			isa = PBXGroup;
			children = (
				AA156664C754E382952BDDD9 /* XcodeGenTest */,
				4E575DFB26B1978F1B110D0D /* XcodeGenTestTests */,
				619A19FD1C29A2ED1DCA9930 /* Products */,
			);
			sourceTree = "<group>";
		};
		4E575DFB26B1978F1B110D0D /* XcodeGenTestTests */ = {
			isa = PBXGroup;
			children = (
				92F0A76FF74937497743494A /* Info.plist */,
				6F7975D020384958E0F42862 /* XcodeGenTestTests.swift */,
			);
			path = XcodeGenTestTests;
			sourceTree = "<group>";
		};
		619A19FD1C29A2ED1DCA9930 /* Products */ = {
			isa = PBXGroup;
			children = (
				D143219CF43E9F4BD999A2BD /* XcodeGenTest.app */,
				F2D54FCCF6226F293F1139F4 /* XcodeGenTestTests.xctest */,
				B53DAD9C2D9A04FC110497A0 /* XcodeGenTestUITests.xctest */,
			);
			name = Products;
			sourceTree = "<group>";
		};
		AA156664C754E382952BDDD9 /* XcodeGenTest */ = {
			isa = PBXGroup;
			children = (
				7543824CF2BCC3981D306924 /* AppDelegate.swift */,
				2F06BE03AA7BBE8276F31CB3 /* Assets.xcassets */,
				A7AB30290C10DE794EEF831D /* Info.plist */,
				C2BC846B12318D66B057BEAA /* LaunchScreen.storyboard */,
				E056A7F0BE29564AFEC696E7 /* Main.storyboard */,
				E6E0FD77A735FA42C5D777C0 /* SceneDelegate.swift */,
				63BEFD1E96813A357FB42238 /* ViewController.swift */,
			);
			path = XcodeGenTest;
			sourceTree = "<group>";
		};
/* End PBXGroup section */

/* Begin PBXNativeTarget section */
		215764515FA4837A9999990E /* XcodeGenTestTests */ = {
			isa = PBXNativeTarget;
			buildConfigurationList = 090B2AB467330F26B35F3B5E /* Build configuration list for PBXNativeTarget "XcodeGenTestTests" */;
			buildPhases = (
				CBA2FDC77BEAF8D82D83C549 /* Sources */,
			);
			buildRules = (
			);
			dependencies = (
			);
			name = XcodeGenTestTests;
			productName = XcodeGenTestTests;
			productReference = F2D54FCCF6226F293F1139F4 /* XcodeGenTestTests.xctest */;
			productType = "com.apple.product-type.bundle.unit-test";
		};
		68D43FA1BC686C941E1ECDEF /* XcodeGenTest */ = {
			isa = PBXNativeTarget;
			buildConfigurationList = 2D5BD97FA953EFEE3B55C589 /* Build configuration list for PBXNativeTarget "XcodeGenTest" */;
			buildPhases = (
				9B6D2C2E1D5F5F816244A0FF /* Sources */,
				E37CF74EDB992AA33E3D8CF1 /* Resources */,
			);
			buildRules = (
			);
			dependencies = (
			);
			name = XcodeGenTest;
			productName = XcodeGenTest;
			productReference = D143219CF43E9F4BD999A2BD /* XcodeGenTest.app */;
			productType = "com.apple.product-type.application";
		};
		8E21825AA91AC9E9E85E68DD /* XcodeGenTestUITests */ = {
			isa = PBXNativeTarget;
			buildConfigurationList = 26D26B885BED2C4FC02D90DD /* Build configuration list for PBXNativeTarget "XcodeGenTestUITests" */;
			buildPhases = (
				77AA6C36F4CD5BB87EACE266 /* Sources */,
			);
			buildRules = (
			);
			dependencies = (
			);
			name = XcodeGenTestUITests;
			productName = XcodeGenTestUITests;
			productReference = B53DAD9C2D9A04FC110497A0 /* XcodeGenTestUITests.xctest */;
			productType = "com.apple.product-type.bundle.ui-testing";
		};
/* End PBXNativeTarget section */

/* Begin PBXProject section */
		C7DB8597DC53571E1B37910F /* Project object */ = {
			isa = PBXProject;
			attributes = {
				LastUpgradeCheck = 1020;
				TargetAttributes = {
					215764515FA4837A9999990E = {
						DevelopmentTeam = C94WVT824;
						ProvisioningStyle = Automatic;
					};
					68D43FA1BC686C941E1ECDEF = {
						DevelopmentTeam = 7C94WVT824;
						ProvisioningStyle = Automatic;
					};
					8E21825AA91AC9E9E85E68DD = {
						DevelopmentTeam = C94WVT824;
						ProvisioningStyle = Automatic;
					};
				};
			};
			buildConfigurationList = FD4063B4BA9423B2E577EB51 /* Build configuration list for PBXProject "XcodeGenTest" */;
			compatibilityVersion = "Xcode 10.0";
			developmentRegion = en;
			hasScannedForEncodings = 0;
			knownRegions = (
				Base,
			);
			mainGroup = 1C5909045C30F27906811AA1;
			projectDirPath = "";
			projectRoot = "";
			targets = (
				68D43FA1BC686C941E1ECDEF /* XcodeGenTest */,
				215764515FA4837A9999990E /* XcodeGenTestTests */,
				8E21825AA91AC9E9E85E68DD /* XcodeGenTestUITests */,
			);
		};
/* End PBXProject section */

/* Begin PBXResourcesBuildPhase section */
		E37CF74EDB992AA33E3D8CF1 /* Resources */ = {
			isa = PBXResourcesBuildPhase;
			buildActionMask = 2147483647;
			files = (
				83100FAA6A57CC803588466A /* Assets.xcassets in Resources */,
				2F5BACA5BA1EB674DD70AA9E /* LaunchScreen.storyboard in Resources */,
				B9A087170E6E7AB7575F0FD3 /* Main.storyboard in Resources */,
			);
			runOnlyForDeploymentPostprocessing = 0;
		};
/* End PBXResourcesBuildPhase section */

/* Begin PBXSourcesBuildPhase section */
		77AA6C36F4CD5BB87EACE266 /* Sources */ = {
			isa = PBXSourcesBuildPhase;
			buildActionMask = 2147483647;
			files = (
				F8111DCF8C66062ED5AF3AE6 /* XcodeGenTestTests.swift in Sources */,
			);
			runOnlyForDeploymentPostprocessing = 0;
		};
		9B6D2C2E1D5F5F816244A0FF /* Sources */ = {
			isa = PBXSourcesBuildPhase;
			buildActionMask = 2147483647;
			files = (
				D58F5B73BEFD9A18914568D2 /* AppDelegate.swift in Sources */,
				A15FCC1E749F525CA8D8D1E0 /* SceneDelegate.swift in Sources */,
				000D2FAD3234D64AD4079895 /* ViewController.swift in Sources */,
			);
			runOnlyForDeploymentPostprocessing = 0;
		};
		CBA2FDC77BEAF8D82D83C549 /* Sources */ = {
			isa = PBXSourcesBuildPhase;
			buildActionMask = 2147483647;
			files = (
				287C9929AE905C06B1F3A62D /* XcodeGenTestTests.swift in Sources */,
			);
			runOnlyForDeploymentPostprocessing = 0;
		};
/* End PBXSourcesBuildPhase section */

/* Begin PBXVariantGroup section */
		C2BC846B12318D66B057BEAA /* LaunchScreen.storyboard */ = {
			isa = PBXVariantGroup;
			children = (
				6F0B19ED5633BA915363E362 /* Base */,
			);
			name = LaunchScreen.storyboard;
			sourceTree = "<group>";
		};
		E056A7F0BE29564AFEC696E7 /* Main.storyboard */ = {
			isa = PBXVariantGroup;
			children = (
				F0A96E53ACE21F6E96368A30 /* Base */,
			);
			name = Main.storyboard;
			sourceTree = "<group>";
		};
/* End PBXVariantGroup section */

/* Begin XCBuildConfiguration section */
		1C844DF2A7C2C8738514877B /* Release */ = {
			isa = XCBuildConfiguration;
			buildSettings = {
				ALWAYS_SEARCH_USER_PATHS = NO;
				CLANG_ANALYZER_NONNULL = YES;
				CLANG_ANALYZER_NUMBER_OBJECT_CONVERSION = YES_AGGRESSIVE;
				CLANG_CXX_LANGUAGE_STANDARD = "gnu++14";
				CLANG_CXX_LIBRARY = "libc++";
				CLANG_ENABLE_MODULES = YES;
				CLANG_ENABLE_OBJC_ARC = YES;
				CLANG_WARN_BLOCK_CAPTURE_AUTORELEASING = YES;
				CLANG_WARN_BOOL_CONVERSION = YES;
				CLANG_WARN_COMMA = YES;
				CLANG_WARN_CONSTANT_CONVERSION = YES;
				CLANG_WARN_DEPRECATED_OBJC_IMPLEMENTATIONS = YES;
				CLANG_WARN_DIRECT_OBJC_ISA_USAGE = YES_ERROR;
				CLANG_WARN_DOCUMENTATION_COMMENTS = YES;
				CLANG_WARN_EMPTY_BODY = YES;
				CLANG_WARN_ENUM_CONVERSION = YES;
				CLANG_WARN_INFINITE_RECURSION = YES;
				CLANG_WARN_INT_CONVERSION = YES;
				CLANG_WARN_NON_LITERAL_NULL_CONVERSION = YES;
				CLANG_WARN_OBJC_IMPLICIT_RETAIN_SELF = YES;
				CLANG_WARN_OBJC_LITERAL_CONVERSION = YES;
				CLANG_WARN_OBJC_ROOT_CLASS = YES_ERROR;
				CLANG_WARN_RANGE_LOOP_ANALYSIS = YES;
				CLANG_WARN_STRICT_PROTOTYPES = YES;
				CLANG_WARN_SUSPICIOUS_MOVE = YES;
				CLANG_WARN_UNGUARDED_AVAILABILITY = YES_AGGRESSIVE;
				CLANG_WARN_UNREACHABLE_CODE = YES;
				CLANG_WARN__DUPLICATE_METHOD_MATCH = YES;
				COPY_PHASE_STRIP = NO;
				DEBUG_INFORMATION_FORMAT = "dwarf-with-dsym";
				ENABLE_NS_ASSERTIONS = NO;
				ENABLE_STRICT_OBJC_MSGSEND = YES;
				GCC_C_LANGUAGE_STANDARD = gnu11;
				GCC_NO_COMMON_BLOCKS = YES;
				GCC_WARN_64_TO_32_BIT_CONVERSION = YES;
				GCC_WARN_ABOUT_RETURN_TYPE = YES_ERROR;
				GCC_WARN_UNDECLARED_SELECTOR = YES;
				GCC_WARN_UNINITIALIZED_AUTOS = YES_AGGRESSIVE;
				GCC_WARN_UNUSED_FUNCTION = YES;
				GCC_WARN_UNUSED_VARIABLE = YES;
				IPHONEOS_DEPLOYMENT_TARGET = 12.0;
				PRODUCT_NAME = "$(TARGET_NAME)";
				SDKROOT = iphoneos;
				SWIFT_COMPILATION_MODE = wholemodule;
				SWIFT_VERSION = 5.0;
				VALIDATE_PRODUCT = YES;
			};
			name = Release;
		};
		65C3C087285A23022C6DCC5A /* Debug */ = {
			isa = XCBuildConfiguration;
			buildSettings = {
				BUNDLE_LOADER = "$(TEST_HOST)";
				CODE_SIGN_STYLE = Automatic;
				DEVELOPMENT_TEAM = C94WVT824;
				INFOPLIST_FILE = XcodeGenTestTests/Info.plist;
				LD_RUNPATH_SEARCH_PATHS = (
					"$(inherited)",
					"@executable_path/Frameworks",
					"@loader_path/Frameworks",
				);
				PRODUCT_BUNDLE_IDENTIFIER = "= shinyamurata.XcodeGenTestTests";
				SDKROOT = iphoneos;
				TARGETED_DEVICE_FAMILY = "1,2";
				TEST_HOST = "= $(BUILT_PRODUCTS_DIR)/XcodeGenTest.app/XcodeGenTest";
			};
			name = Debug;
		};
		7F941577ADAF460E29A35A64 /* Release */ = {
			isa = XCBuildConfiguration;
			buildSettings = {
				BUNDLE_LOADER = "$(TEST_HOST)";
				CODE_SIGN_STYLE = Automatic;
				DEVELOPMENT_TEAM = C94WVT824;
				INFOPLIST_FILE = XcodeGenTestTests/Info.plist;
				LD_RUNPATH_SEARCH_PATHS = (
					"$(inherited)",
					"@executable_path/Frameworks",
					"@loader_path/Frameworks",
				);
				PRODUCT_BUNDLE_IDENTIFIER = "= shinyamurata.XcodeGenTestTests";
				SDKROOT = iphoneos;
				TARGETED_DEVICE_FAMILY = "1,2";
				TEST_HOST = "${BUILT_PRODUCTS_DIR}/XcodeGenTest.app";
			};
			name = Release;
		};
		BA05A59248E5975A25C668A9 /* Release */ = {
			isa = XCBuildConfiguration;
			buildSettings = {
				BUNDLE_LOADER = "$(TEST_HOST)";
				CODE_SIGN_STYLE = Automatic;
				DEVELOPMENT_TEAM = C94WVT824;
				INFOPLIST_FILE = XcodeGenTestTests/Info.plist;
				LD_RUNPATH_SEARCH_PATHS = (
					"$(inherited)",
					"@executable_path/Frameworks",
					"@loader_path/Frameworks",
				);
				PRODUCT_BUNDLE_IDENTIFIER = "= shinyamurata.XcodeGenTestTests";
				SDKROOT = iphoneos;
				TARGETED_DEVICE_FAMILY = "1,2";
				TEST_HOST = "= $(BUILT_PRODUCTS_DIR)/XcodeGenTest.app/XcodeGenTest";
			};
			name = Release;
		};
		BAA2043526323B04BE649F85 /* Debug */ = {
			isa = XCBuildConfiguration;
			buildSettings = {
				BUNDLE_LOADER = "$(TEST_HOST)";
				CODE_SIGN_STYLE = Automatic;
				DEVELOPMENT_TEAM = C94WVT824;
				INFOPLIST_FILE = XcodeGenTestTests/Info.plist;
				LD_RUNPATH_SEARCH_PATHS = (
					"$(inherited)",
					"@executable_path/Frameworks",
					"@loader_path/Frameworks",
				);
				PRODUCT_BUNDLE_IDENTIFIER = "= shinyamurata.XcodeGenTestTests";
				SDKROOT = iphoneos;
				TARGETED_DEVICE_FAMILY = "1,2";
				TEST_HOST = "${BUILT_PRODUCTS_DIR}/XcodeGenTest.app";
			};
			name = Debug;
		};
		D82B3E091EAF364BE1495C8B /* Debug */ = {
			isa = XCBuildConfiguration;
			buildSettings = {
				ASSETCATALOG_COMPILER_APPICON_NAME = AppIcon;
				CODE_SIGN_IDENTITY = "iPhone Developer";
				CODE_SIGN_STYLE = Automatic;
				DEVELOPMENT_TEAM = 7C94WVT824;
				INFOPLIST_FILE = XcodeGenTest/Info.plist;
				IPHONEOS_DEPLOYMENT_TARGET = 12.0;
				LD_RUNPATH_SEARCH_PATHS = (
					"$(inherited)",
					"@executable_path/Frameworks",
				);
				PRODUCT_BUNDLE_IDENTIFIER = shinyamurata.XcodeGenTest;
				SDKROOT = iphoneos;
				TARGETED_DEVICE_FAMILY = "1,2";
			};
			name = Debug;
		};
		E5B0B09AE371517889C21702 /* Debug */ = {
			isa = XCBuildConfiguration;
			buildSettings = {
				ALWAYS_SEARCH_USER_PATHS = NO;
				CLANG_ANALYZER_NONNULL = YES;
				CLANG_ANALYZER_NUMBER_OBJECT_CONVERSION = YES_AGGRESSIVE;
				CLANG_CXX_LANGUAGE_STANDARD = "gnu++14";
				CLANG_CXX_LIBRARY = "libc++";
				CLANG_ENABLE_MODULES = YES;
				CLANG_ENABLE_OBJC_ARC = YES;
				CLANG_WARN_BLOCK_CAPTURE_AUTORELEASING = YES;
				CLANG_WARN_BOOL_CONVERSION = YES;
				CLANG_WARN_COMMA = YES;
				CLANG_WARN_CONSTANT_CONVERSION = YES;
				CLANG_WARN_DEPRECATED_OBJC_IMPLEMENTATIONS = YES;
				CLANG_WARN_DIRECT_OBJC_ISA_USAGE = YES_ERROR;
				CLANG_WARN_DOCUMENTATION_COMMENTS = YES;
				CLANG_WARN_EMPTY_BODY = YES;
				CLANG_WARN_ENUM_CONVERSION = YES;
				CLANG_WARN_INFINITE_RECURSION = YES;
				CLANG_WARN_INT_CONVERSION = YES;
				CLANG_WARN_NON_LITERAL_NULL_CONVERSION = YES;
				CLANG_WARN_OBJC_IMPLICIT_RETAIN_SELF = YES;
				CLANG_WARN_OBJC_LITERAL_CONVERSION = YES;
				CLANG_WARN_OBJC_ROOT_CLASS = YES_ERROR;
				CLANG_WARN_RANGE_LOOP_ANALYSIS = YES;
				CLANG_WARN_STRICT_PROTOTYPES = YES;
				CLANG_WARN_SUSPICIOUS_MOVE = YES;
				CLANG_WARN_UNGUARDED_AVAILABILITY = YES_AGGRESSIVE;
				CLANG_WARN_UNREACHABLE_CODE = YES;
				CLANG_WARN__DUPLICATE_METHOD_MATCH = YES;
				COPY_PHASE_STRIP = NO;
				DEBUG_INFORMATION_FORMAT = dwarf;
				ENABLE_STRICT_OBJC_MSGSEND = YES;
				ENABLE_TESTABILITY = YES;
				GCC_C_LANGUAGE_STANDARD = gnu11;
				GCC_DYNAMIC_NO_PIC = NO;
				GCC_NO_COMMON_BLOCKS = YES;
				GCC_OPTIMIZATION_LEVEL = 0;
				GCC_PREPROCESSOR_DEFINITIONS = (
					"$(inherited)",
					"DEBUG=1",
				);
				GCC_WARN_64_TO_32_BIT_CONVERSION = YES;
				GCC_WARN_ABOUT_RETURN_TYPE = YES_ERROR;
				GCC_WARN_UNDECLARED_SELECTOR = YES;
				GCC_WARN_UNINITIALIZED_AUTOS = YES_AGGRESSIVE;
				GCC_WARN_UNUSED_FUNCTION = YES;
				GCC_WARN_UNUSED_VARIABLE = YES;
				IPHONEOS_DEPLOYMENT_TARGET = 12.0;
				MTL_ENABLE_DEBUG_INFO = YES;
				ONLY_ACTIVE_ARCH = YES;
				PRODUCT_NAME = "$(TARGET_NAME)";
				SDKROOT = iphoneos;
				SWIFT_ACTIVE_COMPILATION_CONDITIONS = DEBUG;
				SWIFT_OPTIMIZATION_LEVEL = "-Onone";
				SWIFT_VERSION = 5.0;
			};
			name = Debug;
		};
		E87B3AA4CD8DCEA552A8781A /* Release */ = {
			isa = XCBuildConfiguration;
			buildSettings = {
				ASSETCATALOG_COMPILER_APPICON_NAME = AppIcon;
				CODE_SIGN_IDENTITY = "iPhone Developer";
				CODE_SIGN_STYLE = Automatic;
				DEVELOPMENT_TEAM = 7C94WVT824;
				INFOPLIST_FILE = XcodeGenTest/Info.plist;
				IPHONEOS_DEPLOYMENT_TARGET = 12.0;
				LD_RUNPATH_SEARCH_PATHS = (
					"$(inherited)",
					"@executable_path/Frameworks",
				);
				PRODUCT_BUNDLE_IDENTIFIER = shinyamurata.XcodeGenTest;
				SDKROOT = iphoneos;
				TARGETED_DEVICE_FAMILY = "1,2";
			};
			name = Release;
		};
/* End XCBuildConfiguration section */

/* Begin XCConfigurationList section */
		090B2AB467330F26B35F3B5E /* Build configuration list for PBXNativeTarget "XcodeGenTestTests" */ = {
			isa = XCConfigurationList;
			buildConfigurations = (
				65C3C087285A23022C6DCC5A /* Debug */,
				BA05A59248E5975A25C668A9 /* Release */,
			);
			defaultConfigurationIsVisible = 0;
			defaultConfigurationName = Debug;
		};
		26D26B885BED2C4FC02D90DD /* Build configuration list for PBXNativeTarget "XcodeGenTestUITests" */ = {
			isa = XCConfigurationList;
			buildConfigurations = (
				BAA2043526323B04BE649F85 /* Debug */,
				7F941577ADAF460E29A35A64 /* Release */,
			);
			defaultConfigurationIsVisible = 0;
			defaultConfigurationName = Debug;
		};
		2D5BD97FA953EFEE3B55C589 /* Build configuration list for PBXNativeTarget "XcodeGenTest" */ = {
			isa = XCConfigurationList;
			buildConfigurations = (
				D82B3E091EAF364BE1495C8B /* Debug */,
				E87B3AA4CD8DCEA552A8781A /* Release */,
			);
			defaultConfigurationIsVisible = 0;
			defaultConfigurationName = Debug;
		};
		FD4063B4BA9423B2E577EB51 /* Build configuration list for PBXProject "XcodeGenTest" */ = {
			isa = XCConfigurationList;
			buildConfigurations = (
				E5B0B09AE371517889C21702 /* Debug */,
				1C844DF2A7C2C8738514877B /* Release */,
			);
			defaultConfigurationIsVisible = 0;
			defaultConfigurationName = Debug;
		};
/* End XCConfigurationList section */
	};
	rootObject = C7DB8597DC53571E1B37910F /* Project object */;
}
